
Microsoft Visual Studio Solution File, Format Version 12.00
# Visual Studio Version 17
VisualStudioVersion = 17.8.34330.188
MinimumVisualStudioVersion = 10.0.40219.1
Project("{FAE04EC0-301F-11D3-BF4B-00C04F79EFBC}") = "final project pattern", "final project pattern\final project pattern.csproj", "{480A637B-4F04-4029-8178-48F17E5BFF5B}"
EndProject
Global
	GlobalSection(SolutionConfigurationPlatforms) = preSolution
		Debug|Any CPU = Debug|Any CPU
		Release|Any CPU = Release|Any CPU
	EndGlobalSection
	GlobalSection(ProjectConfigurationPlatforms) = postSolution
		{480A637B-4F04-4029-8178-48F17E5BFF5B}.Debug|Any CPU.ActiveCfg = Debug|Any CPU
		{480A637B-4F04-4029-8178-48F17E5BFF5B}.Debug|Any CPU.Build.0 = Debug|Any CPU
		{480A637B-4F04-4029-8178-48F17E5BFF5B}.Release|Any CPU.ActiveCfg = Release|Any CPU
		{480A637B-4F04-4029-8178-48F17E5BFF5B}.Release|Any CPU.Build.0 = Release|Any CPU
	EndGlobalSection
	GlobalSection(SolutionProperties) = preSolution
		HideSolutionNode = FALSE
	EndGlobalSection
	GlobalSection(ExtensibilityGlobals) = postSolution
		SolutionGuid = {BBF645F2-4602-41DA-92AC-CE7550A8CE1F}
	EndGlobalSection
EndGlobal
